
Microsoft Visual Studio Solution File, Format Version 12.00
# Visual Studio 15
VisualStudioVersion = 15.0.27703.2047
MinimumVisualStudioVersion = 10.0.40219.1
Project("{FAE04EC0-301F-11D3-BF4B-00C04F79EFBC}") = "SteamInventoryItemSchemeTool", "SteamInventoryItemSchemeTool\SteamInventoryItemSchemeTool.csproj", "{C22115A7-8F3A-48C5-8098-7D4C95796493}"
EndProject
Global
	GlobalSection(SolutionConfigurationPlatforms) = preSolution
		Debug|Any CPU = Debug|Any CPU
		Release|Any CPU = Release|Any CPU
	EndGlobalSection
	GlobalSection(ProjectConfigurationPlatforms) = postSolution
		{C22115A7-8F3A-48C5-8098-7D4C95796493}.Debug|Any CPU.ActiveCfg = Debug|Any CPU
		{C22115A7-8F3A-48C5-8098-7D4C95796493}.Debug|Any CPU.Build.0 = Debug|Any CPU
		{C22115A7-8F3A-48C5-8098-7D4C95796493}.Release|Any CPU.ActiveCfg = Release|Any CPU
		{C22115A7-8F3A-48C5-8098-7D4C95796493}.Release|Any CPU.Build.0 = Release|Any CPU
	EndGlobalSection
	GlobalSection(SolutionProperties) = preSolution
		HideSolutionNode = FALSE
	EndGlobalSection
	GlobalSection(ExtensibilityGlobals) = postSolution
		SolutionGuid = {44E17B19-D3BC-4348-9193-153D565AFFF9}
	EndGlobalSection
EndGlobal
